PODS:
  - Alamofire (5.7.1)
  - Starscream (4.0.4)

DEPENDENCIES:
  - Alamofire
  - Starscream

SPEC REPOS:
  trunk:
    - Alamofire
    - Starscream

SPEC CHECKSUMS:
  Alamofire: 0123a34370cb170936ae79a8df46cc62b2edeb88
  Starscream: 5178aed56b316f13fa3bc55694e583d35dd414d9

PODFILE CHECKSUM: 528e7ac42a488216afa9cc23acba4c054d1c8d13

COCOAPODS: 1.12.1
